
Microsoft Visual Studio Solution File, Format Version 12.00
# Visual Studio Version 16
VisualStudioVersion = 16.0.29418.139
MinimumVisualStudioVersion = 10.0.40219.1
Project("{9A19103F-16F7-4668-BE54-9A1E7A4F7556}") = "Todo.ConsoleListener", "Todo.ConsoleListener\Todo.ConsoleListener.csproj", "{1BF9D855-3520-4E1C-BFBD-8C685AEA22A8}"
EndProject
Project("{9A19103F-16F7-4668-BE54-9A1E7A4F7556}") = "Todo.Models", "Todo.Models\Todo.Models.csproj", "{101CDB38-639D-4295-A2F0-230E49EA5887}"
EndProject
Project("{9A19103F-16F7-4668-BE54-9A1E7A4F7556}") = "Todo.Serverless", "Todo.Serverless\Todo.Serverless.csproj", "{02D7D468-03EE-4B54-88A7-D999E314FF6A}"
EndProject
Global
	GlobalSection(SolutionConfigurationPlatforms) = preSolution
		Debug|Any CPU = Debug|Any CPU
		Release|Any CPU = Release|Any CPU
	EndGlobalSection
	GlobalSection(ProjectConfigurationPlatforms) = postSolution
		{1BF9D855-3520-4E1C-BFBD-8C685AEA22A8}.Debug|Any CPU.ActiveCfg = Debug|Any CPU
		{1BF9D855-3520-4E1C-BFBD-8C685AEA22A8}.Debug|Any CPU.Build.0 = Debug|Any CPU
		{1BF9D855-3520-4E1C-BFBD-8C685AEA22A8}.Release|Any CPU.ActiveCfg = Release|Any CPU
		{1BF9D855-3520-4E1C-BFBD-8C685AEA22A8}.Release|Any CPU.Build.0 = Release|Any CPU
		{101CDB38-639D-4295-A2F0-230E49EA5887}.Debug|Any CPU.ActiveCfg = Debug|Any CPU
		{101CDB38-639D-4295-A2F0-230E49EA5887}.Debug|Any CPU.Build.0 = Debug|Any CPU
		{101CDB38-639D-4295-A2F0-230E49EA5887}.Release|Any CPU.ActiveCfg = Release|Any CPU
		{101CDB38-639D-4295-A2F0-230E49EA5887}.Release|Any CPU.Build.0 = Release|Any CPU
		{02D7D468-03EE-4B54-88A7-D999E314FF6A}.Debug|Any CPU.ActiveCfg = Debug|Any CPU
		{02D7D468-03EE-4B54-88A7-D999E314FF6A}.Debug|Any CPU.Build.0 = Debug|Any CPU
		{02D7D468-03EE-4B54-88A7-D999E314FF6A}.Release|Any CPU.ActiveCfg = Release|Any CPU
		{02D7D468-03EE-4B54-88A7-D999E314FF6A}.Release|Any CPU.Build.0 = Release|Any CPU
	EndGlobalSection
	GlobalSection(SolutionProperties) = preSolution
		HideSolutionNode = FALSE
	EndGlobalSection
	GlobalSection(ExtensibilityGlobals) = postSolution
		SolutionGuid = {8A15522C-BC7B-4252-BB7B-789BA05ECE2A}
	EndGlobalSection
EndGlobal
